// !$*UTF8*$!
{
	archiveVersion = 1;
	classes = {
	};
	objectVersion = 50;
	objects = {

/* Begin PBXBuildFile section */
		9100844D261E8D8000BDC5AD /* CalculationsView.swift in Sources */ = {isa = PBXBuildFile; fileRef = 9100844C261E8D8000BDC5AD /* CalculationsView.swift */; };
		9107F1F1262CCAB70009EA14 /* QuizQuestion.swift in Sources */ = {isa = PBXBuildFile; fileRef = 9107F1F0262CCAB70009EA14 /* QuizQuestion.swift */; };
		9107F1F4262CDE0A0009EA14 /* PredictionQuestion.swift in Sources */ = {isa = PBXBuildFile; fileRef = 9107F1F3262CDE0A0009EA14 /* PredictionQuestion.swift */; };
		9107F1F7262CEB040009EA14 /* PlacingQuestion.swift in Sources */ = {isa = PBXBuildFile; fileRef = 9107F1F6262CEB040009EA14 /* PlacingQuestion.swift */; };
		9107F1FA262CEB3B0009EA14 /* MassEstimationQuestion.swift in Sources */ = {isa = PBXBuildFile; fileRef = 9107F1F9262CEB3B0009EA14 /* MassEstimationQuestion.swift */; };
		9107F1FD262CEC3E0009EA14 /* PredictionQuestionView.swift in Sources */ = {isa = PBXBuildFile; fileRef = 9107F1FC262CEC3E0009EA14 /* PredictionQuestionView.swift */; };
		9107F200262CEDF80009EA14 /* PlacingQuestionView.swift in Sources */ = {isa = PBXBuildFile; fileRef = 9107F1FF262CEDF80009EA14 /* PlacingQuestionView.swift */; };
		9107F203262CEE120009EA14 /* MassEstimationQuestionView.swift in Sources */ = {isa = PBXBuildFile; fileRef = 9107F202262CEE120009EA14 /* MassEstimationQuestionView.swift */; };
		9126C2192617AC5600240F36 /* Simulator.swift in Sources */ = {isa = PBXBuildFile; fileRef = 9126C2182617AC5600240F36 /* Simulator.swift */; };
		9126C21C2617AD4600240F36 /* SimulatorSpot.swift in Sources */ = {isa = PBXBuildFile; fileRef = 9126C21B2617AD4600240F36 /* SimulatorSpot.swift */; };
		9141F9A5264A0948007DF6E4 /* SpriteFactory.swift in Sources */ = {isa = PBXBuildFile; fileRef = 9141F9A4264A0948007DF6E4 /* SpriteFactory.swift */; };
		914704BC260BA067009F1DC2 /* CreditsView.swift in Sources */ = {isa = PBXBuildFile; fileRef = 914704BB260BA067009F1DC2 /* CreditsView.swift */; };
		914704C1260BAE8B009F1DC2 /* LabView.swift in Sources */ = {isa = PBXBuildFile; fileRef = 914704C0260BAE8B009F1DC2 /* LabView.swift */; };
		9158DD09262D06B8008AFC02 /* AnswerStatus.swift in Sources */ = {isa = PBXBuildFile; fileRef = 9158DD08262D06B8008AFC02 /* AnswerStatus.swift */; };
		9158DD0C262D0E1C008AFC02 /* Swivel.swift in Sources */ = {isa = PBXBuildFile; fileRef = 9158DD0B262D0E1C008AFC02 /* Swivel.swift */; };
		9179380B2644B57F0072E2A9 /* QuizSideMenuView.swift in Sources */ = {isa = PBXBuildFile; fileRef = 9179380A2644B57F0072E2A9 /* QuizSideMenuView.swift */; };
		918050BE2648CCF70093D913 /* Side.swift in Sources */ = {isa = PBXBuildFile; fileRef = 918050BD2648CCF70093D913 /* Side.swift */; };
		9190D92726053F2500C099A3 /* moviles_proyectoApp.swift in Sources */ = {isa = PBXBuildFile; fileRef = 9190D92626053F2500C099A3 /* moviles_proyectoApp.swift */; };
		9190D92926053F2500C099A3 /* MainMenuView.swift in Sources */ = {isa = PBXBuildFile; fileRef = 9190D92826053F2500C099A3 /* MainMenuView.swift */; };
		9190D92B26053F2600C099A3 /* Assets.xcassets in Resources */ = {isa = PBXBuildFile; fileRef = 9190D92A26053F2600C099A3 /* Assets.xcassets */; };
		9190D92E26053F2600C099A3 /* Preview Assets.xcassets in Resources */ = {isa = PBXBuildFile; fileRef = 9190D92D26053F2600C099A3 /* Preview Assets.xcassets */; };
		91ACD8A8260D9C0100888CBF /* Sprite.swift in Sources */ = {isa = PBXBuildFile; fileRef = 91ACD8A7260D9C0100888CBF /* Sprite.swift */; };
		91D72075264C4753002DAC94 /* WeightCategory.swift in Sources */ = {isa = PBXBuildFile; fileRef = 91D72074264C4753002DAC94 /* WeightCategory.swift */; };
		91D97EA2260EF36C008EABB7 /* SimulatorView.swift in Sources */ = {isa = PBXBuildFile; fileRef = 91D97EA1260EF36C008EABB7 /* SimulatorView.swift */; };
		91F1AD502633D0720087F32C /* Bangers-Regular.ttf in Resources */ = {isa = PBXBuildFile; fileRef = 91F1AD4F2633D0720087F32C /* Bangers-Regular.ttf */; };
		91F54E20262C9D9A00D1FF8A /* QuizMenuView.swift in Sources */ = {isa = PBXBuildFile; fileRef = 91F54E1F262C9D9A00D1FF8A /* QuizMenuView.swift */; };
		91F54E23262C9ED600D1FF8A /* QuizView.swift in Sources */ = {isa = PBXBuildFile; fileRef = 91F54E22262C9ED600D1FF8A /* QuizView.swift */; };
		91F54E26262CC52F00D1FF8A /* Quiz.swift in Sources */ = {isa = PBXBuildFile; fileRef = 91F54E25262CC52F00D1FF8A /* Quiz.swift */; };
/* End PBXBuildFile section */

/* Begin PBXFileReference section */
		9100844C261E8D8000BDC5AD /* CalculationsView.swift */ = {isa = PBXFileReference; lastKnownFileType = sourcecode.swift; path = CalculationsView.swift; sourceTree = "<group>"; };
		9107F1F0262CCAB70009EA14 /* QuizQuestion.swift */ = {isa = PBXFileReference; lastKnownFileType = sourcecode.swift; path = QuizQuestion.swift; sourceTree = "<group>"; };
		9107F1F3262CDE0A0009EA14 /* PredictionQuestion.swift */ = {isa = PBXFileReference; lastKnownFileType = sourcecode.swift; path = PredictionQuestion.swift; sourceTree = "<group>"; };
		9107F1F6262CEB040009EA14 /* PlacingQuestion.swift */ = {isa = PBXFileReference; lastKnownFileType = sourcecode.swift; path = PlacingQuestion.swift; sourceTree = "<group>"; };
		9107F1F9262CEB3B0009EA14 /* MassEstimationQuestion.swift */ = {isa = PBXFileReference; lastKnownFileType = sourcecode.swift; path = MassEstimationQuestion.swift; sourceTree = "<group>"; };
		9107F1FC262CEC3E0009EA14 /* PredictionQuestionView.swift */ = {isa = PBXFileReference; lastKnownFileType = sourcecode.swift; path = PredictionQuestionView.swift; sourceTree = "<group>"; };
		9107F1FF262CEDF80009EA14 /* PlacingQuestionView.swift */ = {isa = PBXFileReference; lastKnownFileType = sourcecode.swift; path = PlacingQuestionView.swift; sourceTree = "<group>"; };
		9107F202262CEE120009EA14 /* MassEstimationQuestionView.swift */ = {isa = PBXFileReference; lastKnownFileType = sourcecode.swift; path = MassEstimationQuestionView.swift; sourceTree = "<group>"; };
		9126C2182617AC5600240F36 /* Simulator.swift */ = {isa = PBXFileReference; lastKnownFileType = sourcecode.swift; path = Simulator.swift; sourceTree = "<group>"; };
		9126C21B2617AD4600240F36 /* SimulatorSpot.swift */ = {isa = PBXFileReference; lastKnownFileType = sourcecode.swift; path = SimulatorSpot.swift; sourceTree = "<group>"; };
		9141F9A4264A0948007DF6E4 /* SpriteFactory.swift */ = {isa = PBXFileReference; lastKnownFileType = sourcecode.swift; path = SpriteFactory.swift; sourceTree = "<group>"; };
		914704BB260BA067009F1DC2 /* CreditsView.swift */ = {isa = PBXFileReference; lastKnownFileType = sourcecode.swift; path = CreditsView.swift; sourceTree = "<group>"; };
		914704C0260BAE8B009F1DC2 /* LabView.swift */ = {isa = PBXFileReference; lastKnownFileType = sourcecode.swift; path = LabView.swift; sourceTree = "<group>"; };
		9158DD08262D06B8008AFC02 /* AnswerStatus.swift */ = {isa = PBXFileReference; lastKnownFileType = sourcecode.swift; path = AnswerStatus.swift; sourceTree = "<group>"; };
		9158DD0B262D0E1C008AFC02 /* Swivel.swift */ = {isa = PBXFileReference; lastKnownFileType = sourcecode.swift; path = Swivel.swift; sourceTree = "<group>"; };
		9179380A2644B57F0072E2A9 /* QuizSideMenuView.swift */ = {isa = PBXFileReference; lastKnownFileType = sourcecode.swift; path = QuizSideMenuView.swift; sourceTree = "<group>"; };
		918050BD2648CCF70093D913 /* Side.swift */ = {isa = PBXFileReference; lastKnownFileType = sourcecode.swift; path = Side.swift; sourceTree = "<group>"; };
		9190D92326053F2500C099A3 /* moviles-proyecto.app */ = {isa = PBXFileReference; explicitFileType = wrapper.application; includeInIndex = 0; path = "moviles-proyecto.app"; sourceTree = BUILT_PRODUCTS_DIR; };
		9190D92626053F2500C099A3 /* moviles_proyectoApp.swift */ = {isa = PBXFileReference; lastKnownFileType = sourcecode.swift; path = moviles_proyectoApp.swift; sourceTree = "<group>"; };
		9190D92826053F2500C099A3 /* MainMenuView.swift */ = {isa = PBXFileReference; lastKnownFileType = sourcecode.swift; path = MainMenuView.swift; sourceTree = "<group>"; };
		9190D92A26053F2600C099A3 /* Assets.xcassets */ = {isa = PBXFileReference; lastKnownFileType = folder.assetcatalog; path = Assets.xcassets; sourceTree = "<group>"; };
		9190D92D26053F2600C099A3 /* Preview Assets.xcassets */ = {isa = PBXFileReference; lastKnownFileType = folder.assetcatalog; path = "Preview Assets.xcassets"; sourceTree = "<group>"; };
		9190D92F26053F2600C099A3 /* Info.plist */ = {isa = PBXFileReference; lastKnownFileType = text.plist.xml; path = Info.plist; sourceTree = "<group>"; };
		91ACD8A7260D9C0100888CBF /* Sprite.swift */ = {isa = PBXFileReference; lastKnownFileType = sourcecode.swift; path = Sprite.swift; sourceTree = "<group>"; };
		91D72074264C4753002DAC94 /* WeightCategory.swift */ = {isa = PBXFileReference; lastKnownFileType = sourcecode.swift; path = WeightCategory.swift; sourceTree = "<group>"; };
		91D97EA1260EF36C008EABB7 /* SimulatorView.swift */ = {isa = PBXFileReference; lastKnownFileType = sourcecode.swift; path = SimulatorView.swift; sourceTree = "<group>"; };
		91F1AD4F2633D0720087F32C /* Bangers-Regular.ttf */ = {isa = PBXFileReference; lastKnownFileType = file; path = "Bangers-Regular.ttf"; sourceTree = "<group>"; };
		91F54E1F262C9D9A00D1FF8A /* QuizMenuView.swift */ = {isa = PBXFileReference; lastKnownFileType = sourcecode.swift; path = QuizMenuView.swift; sourceTree = "<group>"; };
		91F54E22262C9ED600D1FF8A /* QuizView.swift */ = {isa = PBXFileReference; lastKnownFileType = sourcecode.swift; path = QuizView.swift; sourceTree = "<group>"; };
		91F54E25262CC52F00D1FF8A /* Quiz.swift */ = {isa = PBXFileReference; lastKnownFileType = sourcecode.swift; path = Quiz.swift; sourceTree = "<group>"; };
/* End PBXFileReference section */

/* Begin PBXFrameworksBuildPhase section */
		9190D92026053F2500C099A3 /* Frameworks */ = {
			isa = PBXFrameworksBuildPhase;
			buildActionMask = 2147483647;
			files = (
			);
			runOnlyForDeploymentPostprocessing = 0;
		};
/* End PBXFrameworksBuildPhase section */

/* Begin PBXGroup section */
		9190D91A26053F2500C099A3 = {
			isa = PBXGroup;
			children = (
				9190D92526053F2500C099A3 /* moviles-proyecto */,
				9190D92426053F2500C099A3 /* Products */,
			);
			sourceTree = "<group>";
		};
		9190D92426053F2500C099A3 /* Products */ = {
			isa = PBXGroup;
			children = (
				9190D92326053F2500C099A3 /* moviles-proyecto.app */,
			);
			name = Products;
			sourceTree = "<group>";
		};
		9190D92526053F2500C099A3 /* moviles-proyecto */ = {
			isa = PBXGroup;
			children = (
				9190D92626053F2500C099A3 /* moviles_proyectoApp.swift */,
				9190D92826053F2500C099A3 /* MainMenuView.swift */,
				9141F9A4264A0948007DF6E4 /* SpriteFactory.swift */,
				91F54E1F262C9D9A00D1FF8A /* QuizMenuView.swift */,
				91F54E22262C9ED600D1FF8A /* QuizView.swift */,
				91F54E25262CC52F00D1FF8A /* Quiz.swift */,
				9107F1F0262CCAB70009EA14 /* QuizQuestion.swift */,
				9107F1FF262CEDF80009EA14 /* PlacingQuestionView.swift */,
				9107F1F6262CEB040009EA14 /* PlacingQuestion.swift */,
				9107F202262CEE120009EA14 /* MassEstimationQuestionView.swift */,
				9107F1F9262CEB3B0009EA14 /* MassEstimationQuestion.swift */,
				9179380A2644B57F0072E2A9 /* QuizSideMenuView.swift */,
				9107F1FC262CEC3E0009EA14 /* PredictionQuestionView.swift */,
				9107F1F3262CDE0A0009EA14 /* PredictionQuestion.swift */,
				9158DD0B262D0E1C008AFC02 /* Swivel.swift */,
				9158DD08262D06B8008AFC02 /* AnswerStatus.swift */,
				914704C0260BAE8B009F1DC2 /* LabView.swift */,
				91D97EA1260EF36C008EABB7 /* SimulatorView.swift */,
				918050BD2648CCF70093D913 /* Side.swift */,
				9126C2182617AC5600240F36 /* Simulator.swift */,
				9126C21B2617AD4600240F36 /* SimulatorSpot.swift */,
				91ACD8A7260D9C0100888CBF /* Sprite.swift */,
				91D72074264C4753002DAC94 /* WeightCategory.swift */,
				9100844C261E8D8000BDC5AD /* CalculationsView.swift */,
				914704BB260BA067009F1DC2 /* CreditsView.swift */,
				9190D92A26053F2600C099A3 /* Assets.xcassets */,
				91F1AD4F2633D0720087F32C /* Bangers-Regular.ttf */,
				9190D92F26053F2600C099A3 /* Info.plist */,
				9190D92C26053F2600C099A3 /* Preview Content */,
			);
			path = "moviles-proyecto";
			sourceTree = "<group>";
		};
		9190D92C26053F2600C099A3 /* Preview Content */ = {
			isa = PBXGroup;
			children = (
				9190D92D26053F2600C099A3 /* Preview Assets.xcassets */,
			);
			path = "Preview Content";
			sourceTree = "<group>";
		};
/* End PBXGroup section */

/* Begin PBXNativeTarget section */
		9190D92226053F2500C099A3 /* moviles-proyecto */ = {
			isa = PBXNativeTarget;
			buildConfigurationList = 9190D93226053F2600C099A3 /* Build configuration list for PBXNativeTarget "moviles-proyecto" */;
			buildPhases = (
				9190D91F26053F2500C099A3 /* Sources */,
				9190D92026053F2500C099A3 /* Frameworks */,
				9190D92126053F2500C099A3 /* Resources */,
			);
			buildRules = (
			);
			dependencies = (
			);
			name = "moviles-proyecto";
			productName = "moviles-proyecto";
			productReference = 9190D92326053F2500C099A3 /* moviles-proyecto.app */;
			productType = "com.apple.product-type.application";
		};
/* End PBXNativeTarget section */

/* Begin PBXProject section */
		9190D91B26053F2500C099A3 /* Project object */ = {
			isa = PBXProject;
			attributes = {
				LastSwiftUpdateCheck = 1230;
				LastUpgradeCheck = 1230;
				TargetAttributes = {
					9190D92226053F2500C099A3 = {
						CreatedOnToolsVersion = 12.3;
					};
				};
			};
			buildConfigurationList = 9190D91E26053F2500C099A3 /* Build configuration list for PBXProject "moviles-proyecto" */;
			compatibilityVersion = "Xcode 9.3";
			developmentRegion = en;
			hasScannedForEncodings = 0;
			knownRegions = (
				en,
				Base,
			);
			mainGroup = 9190D91A26053F2500C099A3;
			productRefGroup = 9190D92426053F2500C099A3 /* Products */;
			projectDirPath = "";
			projectRoot = "";
			targets = (
				9190D92226053F2500C099A3 /* moviles-proyecto */,
			);
		};
/* End PBXProject section */

/* Begin PBXResourcesBuildPhase section */
		9190D92126053F2500C099A3 /* Resources */ = {
			isa = PBXResourcesBuildPhase;
			buildActionMask = 2147483647;
			files = (
				9190D92E26053F2600C099A3 /* Preview Assets.xcassets in Resources */,
				9190D92B26053F2600C099A3 /* Assets.xcassets in Resources */,
				91F1AD502633D0720087F32C /* Bangers-Regular.ttf in Resources */,
			);
			runOnlyForDeploymentPostprocessing = 0;
		};
/* End PBXResourcesBuildPhase section */

/* Begin PBXSourcesBuildPhase section */
		9190D91F26053F2500C099A3 /* Sources */ = {
			isa = PBXSourcesBuildPhase;
			buildActionMask = 2147483647;
			files = (
				918050BE2648CCF70093D913 /* Side.swift in Sources */,
				9107F1FA262CEB3B0009EA14 /* MassEstimationQuestion.swift in Sources */,
				9107F1F7262CEB040009EA14 /* PlacingQuestion.swift in Sources */,
				9100844D261E8D8000BDC5AD /* CalculationsView.swift in Sources */,
				9107F200262CEDF80009EA14 /* PlacingQuestionView.swift in Sources */,
				91ACD8A8260D9C0100888CBF /* Sprite.swift in Sources */,
				91F54E26262CC52F00D1FF8A /* Quiz.swift in Sources */,
				9107F203262CEE120009EA14 /* MassEstimationQuestionView.swift in Sources */,
				9179380B2644B57F0072E2A9 /* QuizSideMenuView.swift in Sources */,
				91F54E23262C9ED600D1FF8A /* QuizView.swift in Sources */,
				9107F1F4262CDE0A0009EA14 /* PredictionQuestion.swift in Sources */,
				9158DD0C262D0E1C008AFC02 /* Swivel.swift in Sources */,
				914704BC260BA067009F1DC2 /* CreditsView.swift in Sources */,
				9141F9A5264A0948007DF6E4 /* SpriteFactory.swift in Sources */,
				9190D92926053F2500C099A3 /* MainMenuView.swift in Sources */,
				9126C2192617AC5600240F36 /* Simulator.swift in Sources */,
				9126C21C2617AD4600240F36 /* SimulatorSpot.swift in Sources */,
				91F54E20262C9D9A00D1FF8A /* QuizMenuView.swift in Sources */,
				91D97EA2260EF36C008EABB7 /* SimulatorView.swift in Sources */,
				9107F1F1262CCAB70009EA14 /* QuizQuestion.swift in Sources */,
				914704C1260BAE8B009F1DC2 /* LabView.swift in Sources */,
				9158DD09262D06B8008AFC02 /* AnswerStatus.swift in Sources */,
				9190D92726053F2500C099A3 /* moviles_proyectoApp.swift in Sources */,
				91D72075264C4753002DAC94 /* WeightCategory.swift in Sources */,
				9107F1FD262CEC3E0009EA14 /* PredictionQuestionView.swift in Sources */,
			);
			runOnlyForDeploymentPostprocessing = 0;
		};
/* End PBXSourcesBuildPhase section */

/* Begin XCBuildConfiguration section */
		9190D93026053F2600C099A3 /* Debug */ = {
			isa = XCBuildConfiguration;
			buildSettings = {
				ALWAYS_SEARCH_USER_PATHS = NO;
				CLANG_ANALYZER_NONNULL = YES;
				CLANG_ANALYZER_NUMBER_OBJECT_CONVERSION = YES_AGGRESSIVE;
				CLANG_CXX_LANGUAGE_STANDARD = "gnu++14";
				CLANG_CXX_LIBRARY = "libc++";
				CLANG_ENABLE_MODULES = YES;
				CLANG_ENABLE_OBJC_ARC = YES;
				CLANG_ENABLE_OBJC_WEAK = YES;
				CLANG_WARN_BLOCK_CAPTURE_AUTORELEASING = YES;
				CLANG_WARN_BOOL_CONVERSION = YES;
				CLANG_WARN_COMMA = YES;
				CLANG_WARN_CONSTANT_CONVERSION = YES;
				CLANG_WARN_DEPRECATED_OBJC_IMPLEMENTATIONS = YES;
				CLANG_WARN_DIRECT_OBJC_ISA_USAGE = YES_ERROR;
				CLANG_WARN_DOCUMENTATION_COMMENTS = YES;
				CLANG_WARN_EMPTY_BODY = YES;
				CLANG_WARN_ENUM_CONVERSION = YES;
				CLANG_WARN_INFINITE_RECURSION = YES;
				CLANG_WARN_INT_CONVERSION = YES;
				CLANG_WARN_NON_LITERAL_NULL_CONVERSION = YES;
				CLANG_WARN_OBJC_IMPLICIT_RETAIN_SELF = YES;
				CLANG_WARN_OBJC_LITERAL_CONVERSION = YES;
				CLANG_WARN_OBJC_ROOT_CLASS = YES_ERROR;
				CLANG_WARN_QUOTED_INCLUDE_IN_FRAMEWORK_HEADER = YES;
				CLANG_WARN_RANGE_LOOP_ANALYSIS = YES;
				CLANG_WARN_STRICT_PROTOTYPES = YES;
				CLANG_WARN_SUSPICIOUS_MOVE = YES;
				CLANG_WARN_UNGUARDED_AVAILABILITY = YES_AGGRESSIVE;
				CLANG_WARN_UNREACHABLE_CODE = YES;
				CLANG_WARN__DUPLICATE_METHOD_MATCH = YES;
				COPY_PHASE_STRIP = NO;
				DEBUG_INFORMATION_FORMAT = dwarf;
				ENABLE_STRICT_OBJC_MSGSEND = YES;
				ENABLE_TESTABILITY = YES;
				GCC_C_LANGUAGE_STANDARD = gnu11;
				GCC_DYNAMIC_NO_PIC = NO;
				GCC_NO_COMMON_BLOCKS = YES;
				GCC_OPTIMIZATION_LEVEL = 0;
				GCC_PREPROCESSOR_DEFINITIONS = (
					"DEBUG=1",
					"$(inherited)",
				);
				GCC_WARN_64_TO_32_BIT_CONVERSION = YES;
				GCC_WARN_ABOUT_RETURN_TYPE = YES_ERROR;
				GCC_WARN_UNDECLARED_SELECTOR = YES;
				GCC_WARN_UNINITIALIZED_AUTOS = YES_AGGRESSIVE;
				GCC_WARN_UNUSED_FUNCTION = YES;
				GCC_WARN_UNUSED_VARIABLE = YES;
				IPHONEOS_DEPLOYMENT_TARGET = 14.3;
				MTL_ENABLE_DEBUG_INFO = INCLUDE_SOURCE;
				MTL_FAST_MATH = YES;
				ONLY_ACTIVE_ARCH = YES;
				SDKROOT = iphoneos;
				SWIFT_ACTIVE_COMPILATION_CONDITIONS = DEBUG;
				SWIFT_OPTIMIZATION_LEVEL = "-Onone";
			};
			name = Debug;
		};
		9190D93126053F2600C099A3 /* Release */ = {
			isa = XCBuildConfiguration;
			buildSettings = {
				ALWAYS_SEARCH_USER_PATHS = NO;
				CLANG_ANALYZER_NONNULL = YES;
				CLANG_ANALYZER_NUMBER_OBJECT_CONVERSION = YES_AGGRESSIVE;
				CLANG_CXX_LANGUAGE_STANDARD = "gnu++14";
				CLANG_CXX_LIBRARY = "libc++";
				CLANG_ENABLE_MODULES = YES;
				CLANG_ENABLE_OBJC_ARC = YES;
				CLANG_ENABLE_OBJC_WEAK = YES;
				CLANG_WARN_BLOCK_CAPTURE_AUTORELEASING = YES;
				CLANG_WARN_BOOL_CONVERSION = YES;
				CLANG_WARN_COMMA = YES;
				CLANG_WARN_CONSTANT_CONVERSION = YES;
				CLANG_WARN_DEPRECATED_OBJC_IMPLEMENTATIONS = YES;
				CLANG_WARN_DIRECT_OBJC_ISA_USAGE = YES_ERROR;
				CLANG_WARN_DOCUMENTATION_COMMENTS = YES;
				CLANG_WARN_EMPTY_BODY = YES;
				CLANG_WARN_ENUM_CONVERSION = YES;
				CLANG_WARN_INFINITE_RECURSION = YES;
				CLANG_WARN_INT_CONVERSION = YES;
				CLANG_WARN_NON_LITERAL_NULL_CONVERSION = YES;
				CLANG_WARN_OBJC_IMPLICIT_RETAIN_SELF = YES;
				CLANG_WARN_OBJC_LITERAL_CONVERSION = YES;
				CLANG_WARN_OBJC_ROOT_CLASS = YES_ERROR;
				CLANG_WARN_QUOTED_INCLUDE_IN_FRAMEWORK_HEADER = YES;
				CLANG_WARN_RANGE_LOOP_ANALYSIS = YES;
				CLANG_WARN_STRICT_PROTOTYPES = YES;
				CLANG_WARN_SUSPICIOUS_MOVE = YES;
				CLANG_WARN_UNGUARDED_AVAILABILITY = YES_AGGRESSIVE;
				CLANG_WARN_UNREACHABLE_CODE = YES;
				CLANG_WARN__DUPLICATE_METHOD_MATCH = YES;
				COPY_PHASE_STRIP = NO;
				DEBUG_INFORMATION_FORMAT = "dwarf-with-dsym";
				ENABLE_NS_ASSERTIONS = NO;
				ENABLE_STRICT_OBJC_MSGSEND = YES;
				GCC_C_LANGUAGE_STANDARD = gnu11;
				GCC_NO_COMMON_BLOCKS = YES;
				GCC_WARN_64_TO_32_BIT_CONVERSION = YES;
				GCC_WARN_ABOUT_RETURN_TYPE = YES_ERROR;
				GCC_WARN_UNDECLARED_SELECTOR = YES;
				GCC_WARN_UNINITIALIZED_AUTOS = YES_AGGRESSIVE;
				GCC_WARN_UNUSED_FUNCTION = YES;
				GCC_WARN_UNUSED_VARIABLE = YES;
				IPHONEOS_DEPLOYMENT_TARGET = 14.3;
				MTL_ENABLE_DEBUG_INFO = NO;
				MTL_FAST_MATH = YES;
				SDKROOT = iphoneos;
				SWIFT_COMPILATION_MODE = wholemodule;
				SWIFT_OPTIMIZATION_LEVEL = "-O";
				VALIDATE_PRODUCT = YES;
			};
			name = Release;
		};
		9190D93326053F2600C099A3 /* Debug */ = {
			isa = XCBuildConfiguration;
			buildSettings = {
				ASSETCATALOG_COMPILER_APPICON_NAME = AppIcon;
				ASSETCATALOG_COMPILER_GLOBAL_ACCENT_COLOR_NAME = AccentColor;
				CODE_SIGN_STYLE = Automatic;
				DEVELOPMENT_ASSET_PATHS = "\"moviles-proyecto/Preview Content\"";
				DEVELOPMENT_TEAM = MHJWUDUZ7W;
				ENABLE_PREVIEWS = YES;
				INFOPLIST_FILE = "moviles-proyecto/Info.plist";
				IPHONEOS_DEPLOYMENT_TARGET = 14.0;
				LD_RUNPATH_SEARCH_PATHS = (
					"$(inherited)",
					"@executable_path/Frameworks",
				);
				PRODUCT_BUNDLE_IDENTIFIER = "aroquev00.moviles-proyecto";
				PRODUCT_NAME = "$(TARGET_NAME)";
				SWIFT_VERSION = 5.0;
				TARGETED_DEVICE_FAMILY = "1,2";
			};
			name = Debug;
		};
		9190D93426053F2600C099A3 /* Release */ = {
			isa = XCBuildConfiguration;
			buildSettings = {
				ASSETCATALOG_COMPILER_APPICON_NAME = AppIcon;
				ASSETCATALOG_COMPILER_GLOBAL_ACCENT_COLOR_NAME = AccentColor;
				CODE_SIGN_STYLE = Automatic;
				DEVELOPMENT_ASSET_PATHS = "\"moviles-proyecto/Preview Content\"";
				DEVELOPMENT_TEAM = MHJWUDUZ7W;
				ENABLE_PREVIEWS = YES;
				INFOPLIST_FILE = "moviles-proyecto/Info.plist";
				IPHONEOS_DEPLOYMENT_TARGET = 14.0;
				LD_RUNPATH_SEARCH_PATHS = (
					"$(inherited)",
					"@executable_path/Frameworks",
				);
				PRODUCT_BUNDLE_IDENTIFIER = "aroquev00.moviles-proyecto";
				PRODUCT_NAME = "$(TARGET_NAME)";
				SWIFT_VERSION = 5.0;
				TARGETED_DEVICE_FAMILY = "1,2";
			};
			name = Release;
		};
/* End XCBuildConfiguration section */

/* Begin XCConfigurationList section */
		9190D91E26053F2500C099A3 /* Build configuration list for PBXProject "moviles-proyecto" */ = {
			isa = XCConfigurationList;
			buildConfigurations = (
				9190D93026053F2600C099A3 /* Debug */,
				9190D93126053F2600C099A3 /* Release */,
			);
			defaultConfigurationIsVisible = 0;
			defaultConfigurationName = Release;
		};
		9190D93226053F2600C099A3 /* Build configuration list for PBXNativeTarget "moviles-proyecto" */ = {
			isa = XCConfigurationList;
			buildConfigurations = (
				9190D93326053F2600C099A3 /* Debug */,
				9190D93426053F2600C099A3 /* Release */,
			);
			defaultConfigurationIsVisible = 0;
			defaultConfigurationName = Release;
		};
/* End XCConfigurationList section */
	};
	rootObject = 9190D91B26053F2500C099A3 /* Project object */;
}
